
Microsoft Visual Studio Solution File, Format Version 12.00
# Visual Studio 15
VisualStudioVersion = 15.0.26717.1
MinimumVisualStudioVersion = 10.0.40219.1
Project("{FAE04EC0-301F-11D3-BF4B-00C04F79EFBC}") = "CSharpTestSnippets", "CSharpTestSnippets\CSharpTestSnippets.csproj", "{909EC26F-28E8-46EB-8A2C-BCF4B60D5DB6}"
EndProject
Global
	GlobalSection(SolutionConfigurationPlatforms) = preSolution
		Debug|Any CPU = Debug|Any CPU
		Release|Any CPU = Release|Any CPU
	EndGlobalSection
	GlobalSection(ProjectConfigurationPlatforms) = postSolution
		{909EC26F-28E8-46EB-8A2C-BCF4B60D5DB6}.Debug|Any CPU.ActiveCfg = Debug|Any CPU
		{909EC26F-28E8-46EB-8A2C-BCF4B60D5DB6}.Debug|Any CPU.Build.0 = Debug|Any CPU
		{909EC26F-28E8-46EB-8A2C-BCF4B60D5DB6}.Release|Any CPU.ActiveCfg = Release|Any CPU
		{909EC26F-28E8-46EB-8A2C-BCF4B60D5DB6}.Release|Any CPU.Build.0 = Release|Any CPU
	EndGlobalSection
	GlobalSection(SolutionProperties) = preSolution
		HideSolutionNode = FALSE
	EndGlobalSection
	GlobalSection(ExtensibilityGlobals) = postSolution
		SolutionGuid = {F9325112-3E41-4513-A79F-F750DD7580BB}
	EndGlobalSection
EndGlobal
